{
  "originHash" : "2245ae39ad70f6df8b473e9d2f49bc9ff5285e407d3be24c0448e99e4f8ca727",
  "pins" : [
    {
      "identity" : "tcswiftbridge",
      "kind" : "remoteSourceControl",
      "location" : "https://github.com/Krusty84/TCSwiftBridge",
      "state" : {
        "branch" : "main",
        "revision" : "bd3b332a4ccaa5fb5061962d93426441b8939ff6"
      }
    }
  ],
  "version" : 3
}
