{
  "originHash" : "02f18e84e70de6a621af77de0f96f241003ad5c8bb662c577de8ce419e8efaa7",
  "pins" : [
    {
      "identity" : "loggerhelper",
      "kind" : "remoteSourceControl",
      "location" : "https://github.com/Krusty84/LoggerHelper",
      "state" : {
        "revision" : "d65238199e06a607c5db962787e626a92b9990e7",
        "version" : "1.0.0"
      }
    },
    {
      "identity" : "tcswiftbridge",
      "kind" : "remoteSourceControl",
      "location" : "https://github.com/Krusty84/TCSwiftBridge",
      "state" : {
        "branch" : "main",
        "revision" : "bd3b332a4ccaa5fb5061962d93426441b8939ff6"
      }
    }
  ],
  "version" : 3
}
